# THIS IS AN AUTOGENERATED FILE. DO NOT EDIT THIS FILE DIRECTLY.
# yarn lockfile v1


passport-strategy@^1.0.0:
  version "1.0.0"
  resolved "https://registry.yarnpkg.com/passport-strategy/-/passport-strategy-1.0.0.tgz#b5539aa8fc225a3d1ad179476ddf236b440f52e4"

passport-token@0.2.0:
  version "0.2.0"
  resolved "https://registry.yarnpkg.com/passport-token/-/passport-token-0.2.0.tgz#8874c5b4e08cde90db8e6ea9a060e5f5bf3321ac"
  dependencies:
    passport-strategy "^1.0.0"
